# THIS IS AN AUTOGENERATED FILE. DO NOT EDIT THIS FILE DIRECTLY.
# yarn lockfile v1


normalize-scss@>=5.0.4:
  version "7.0.1"
  resolved "https://registry.yarnpkg.com/normalize-scss/-/normalize-scss-7.0.1.tgz#74485e82bb5d0526371136422a09fdb868ffc1a4"
  integrity sha512-qj16bWnYs+9/ac29IgGjySg4R5qQTp1lXfm7ApFOZNVBYFY8RZ3f8+XQNDDLHeDtI3Ba7Jj4+LuPgz9v/fne2A==

skeleton-sass-official@^3.1.6:
  version "3.1.6"
  resolved "https://registry.yarnpkg.com/skeleton-sass-official/-/skeleton-sass-official-3.1.6.tgz#823d9a86b8c294ce9d8a67b9dd04e37b0787f9e8"
  integrity sha512-/L2h9qW/LV+HbYU82AJKmkW4iU1xwR657cIvUkVyM7Unduepm3tcEVy7OW58DJvV4sMsi9X8hYjGy5gdxZcHTw==
  dependencies:
    normalize-scss ">=5.0.4"
